
Microsoft Visual Studio Solution File, Format Version 12.00
Project("{FAE04EC0-301F-11D3-BF4B-00C04F79EFBC}") = "DungeonGame", "DungeonGame\DungeonGame.csproj", "{51CB691D-E950-4387-8F46-D9189F37D0CA}"
EndProject
Project("{FAE04EC0-301F-11D3-BF4B-00C04F79EFBC}") = "DungeonGameMod", "DungeonGameMod\DungeonGameMod.csproj", "{A21DE6E8-691A-4644-BA61-AE075C7AFF48}"
EndProject
Global
	GlobalSection(SolutionConfigurationPlatforms) = preSolution
		Debug|Any CPU = Debug|Any CPU
		Release|Any CPU = Release|Any CPU
	EndGlobalSection
	GlobalSection(ProjectConfigurationPlatforms) = postSolution
		{51CB691D-E950-4387-8F46-D9189F37D0CA}.Debug|Any CPU.ActiveCfg = Debug|Any CPU
		{51CB691D-E950-4387-8F46-D9189F37D0CA}.Debug|Any CPU.Build.0 = Debug|Any CPU
		{51CB691D-E950-4387-8F46-D9189F37D0CA}.Release|Any CPU.ActiveCfg = Release|Any CPU
		{51CB691D-E950-4387-8F46-D9189F37D0CA}.Release|Any CPU.Build.0 = Release|Any CPU
		{A21DE6E8-691A-4644-BA61-AE075C7AFF48}.Debug|Any CPU.ActiveCfg = Debug|Any CPU
		{A21DE6E8-691A-4644-BA61-AE075C7AFF48}.Debug|Any CPU.Build.0 = Debug|Any CPU
		{A21DE6E8-691A-4644-BA61-AE075C7AFF48}.Release|Any CPU.ActiveCfg = Release|Any CPU
		{A21DE6E8-691A-4644-BA61-AE075C7AFF48}.Release|Any CPU.Build.0 = Release|Any CPU
	EndGlobalSection
EndGlobal
